
Microsoft Visual Studio Solution File, Format Version 12.00
Project("{FAE04EC0-301F-11D3-BF4B-00C04F79EFBC}") = "Spp.Common.Domain", "Spp.Common.Domain\Spp.Common.Domain.csproj", "{129CA73D-E0F8-4295-B38F-0E59A3B81C8D}"
EndProject
Global
	GlobalSection(SolutionConfigurationPlatforms) = preSolution
		Debug|Any CPU = Debug|Any CPU
		Release|Any CPU = Release|Any CPU
	EndGlobalSection
	GlobalSection(ProjectConfigurationPlatforms) = postSolution
		{129CA73D-E0F8-4295-B38F-0E59A3B81C8D}.Debug|Any CPU.ActiveCfg = Debug|Any CPU
		{129CA73D-E0F8-4295-B38F-0E59A3B81C8D}.Debug|Any CPU.Build.0 = Debug|Any CPU
		{129CA73D-E0F8-4295-B38F-0E59A3B81C8D}.Release|Any CPU.ActiveCfg = Release|Any CPU
		{129CA73D-E0F8-4295-B38F-0E59A3B81C8D}.Release|Any CPU.Build.0 = Release|Any CPU
	EndGlobalSection
EndGlobal
