
Microsoft Visual Studio Solution File, Format Version 12.00
Project("{FAE04EC0-301F-11D3-BF4B-00C04F79EFBC}") = "Spp.Common.Mediator", "Spp.Common.Mediator\Spp.Common.Mediator.csproj", "{AE0641BF-7767-49BA-AB72-BFE881CA72F1}"
EndProject
Global
	GlobalSection(SolutionConfigurationPlatforms) = preSolution
		Debug|Any CPU = Debug|Any CPU
		Release|Any CPU = Release|Any CPU
	EndGlobalSection
	GlobalSection(ProjectConfigurationPlatforms) = postSolution
		{AE0641BF-7767-49BA-AB72-BFE881CA72F1}.Debug|Any CPU.ActiveCfg = Debug|Any CPU
		{AE0641BF-7767-49BA-AB72-BFE881CA72F1}.Debug|Any CPU.Build.0 = Debug|Any CPU
		{AE0641BF-7767-49BA-AB72-BFE881CA72F1}.Release|Any CPU.ActiveCfg = Release|Any CPU
		{AE0641BF-7767-49BA-AB72-BFE881CA72F1}.Release|Any CPU.Build.0 = Release|Any CPU
	EndGlobalSection
EndGlobal
